
Microsoft Visual Studio Solution File, Format Version 12.00
# Visual Studio Version 16
VisualStudioVersion = 16.0.28803.352
MinimumVisualStudioVersion = 10.0.40219.1
Project("{FAE04EC0-301F-11D3-BF4B-00C04F79EFBC}") = "SOP", "SOP\SOP.csproj", "{3FA45544-0E87-4169-B3F2-E767D3C47A5C}"
EndProject
Project("{FAE04EC0-301F-11D3-BF4B-00C04F79EFBC}") = "Model", "Model\Model.csproj", "{A1A31599-BE21-49F3-A6EA-6DDCC1F1EF0A}"
EndProject
Global
	GlobalSection(SolutionConfigurationPlatforms) = preSolution
		Debug|Any CPU = Debug|Any CPU
		Release|Any CPU = Release|Any CPU
	EndGlobalSection
	GlobalSection(ProjectConfigurationPlatforms) = postSolution
		{3FA45544-0E87-4169-B3F2-E767D3C47A5C}.Debug|Any CPU.ActiveCfg = Debug|Any CPU
		{3FA45544-0E87-4169-B3F2-E767D3C47A5C}.Debug|Any CPU.Build.0 = Debug|Any CPU
		{3FA45544-0E87-4169-B3F2-E767D3C47A5C}.Release|Any CPU.ActiveCfg = Release|Any CPU
		{3FA45544-0E87-4169-B3F2-E767D3C47A5C}.Release|Any CPU.Build.0 = Release|Any CPU
		{A1A31599-BE21-49F3-A6EA-6DDCC1F1EF0A}.Debug|Any CPU.ActiveCfg = Debug|Any CPU
		{A1A31599-BE21-49F3-A6EA-6DDCC1F1EF0A}.Debug|Any CPU.Build.0 = Debug|Any CPU
		{A1A31599-BE21-49F3-A6EA-6DDCC1F1EF0A}.Release|Any CPU.ActiveCfg = Release|Any CPU
		{A1A31599-BE21-49F3-A6EA-6DDCC1F1EF0A}.Release|Any CPU.Build.0 = Release|Any CPU
	EndGlobalSection
	GlobalSection(SolutionProperties) = preSolution
		HideSolutionNode = FALSE
	EndGlobalSection
	GlobalSection(ExtensibilityGlobals) = postSolution
		SolutionGuid = {6759BCDB-981C-43B3-B586-3DF60D4076D2}
	EndGlobalSection
EndGlobal
